{
  "name": "factorio-web-map-mod",
  "version": "0.0.3",
  "lockfileVersion": 1,
  "requires": true,
  "dependencies": {
    "@types/node": {
      "version": "12.20.33",
      "resolved": "https://registry.npmjs.org/@types/node/-/node-12.20.33.tgz",
      "integrity": "sha512-5XmYX2GECSa+CxMYaFsr2mrql71Q4EvHjKS+ox/SiwSdaASMoBIWE6UmZqFO+VX1jIcsYLStI4FFoB6V7FeIYw=="
    },
    "enhanced-resolve": {
      "version": "5.8.3",
      "resolved": "https://registry.npmjs.org/enhanced-resolve/-/enhanced-resolve-5.8.3.tgz",
      "integrity": "sha512-EGAbGvH7j7Xt2nc0E7D99La1OiEs8LnyimkRgwExpUMScN6O+3x9tIWs7PLQZVNx4YD+00skHXPXi1yQHpAmZA==",
      "requires": {
        "graceful-fs": "^4.2.4",
        "tapable": "^2.2.0"
      }
    },
    "function-bind": {
      "version": "1.1.1",
      "resolved": "https://registry.npmjs.org/function-bind/-/function-bind-1.1.1.tgz",
      "integrity": "sha512-yIovAzMX49sF8Yl58fSCWJ5svSLuaibPxXQJFLmBObTuCr0Mf1KiPopGM9NiFjiYBCbfaa2Fh6breQ6ANVTI0A=="
    },
    "graceful-fs": {
      "version": "4.2.8",
      "resolved": "https://registry.npmjs.org/graceful-fs/-/graceful-fs-4.2.8.tgz",
      "integrity": "sha512-qkIilPUYcNhJpd33n0GBXTB1MMPp14TxEsEs0pTrsSVucApsYzW5V+Q8Qxhik6KU3evy+qkAAowTByymK0avdg=="
    },
    "has": {
      "version": "1.0.3",
      "resolved": "https://registry.npmjs.org/has/-/has-1.0.3.tgz",
      "integrity": "sha512-f2dvO0VU6Oej7RkWJGrehjbzMAjFp5/VKPp5tTpWIV4JHHZK1/BxbFRtf/siA2SWTe09caDmVtYYzWEIbBS4zw==",
      "requires": {
        "function-bind": "^1.1.1"
      }
    },
    "is-core-module": {
      "version": "2.7.0",
      "resolved": "https://registry.npmjs.org/is-core-module/-/is-core-module-2.7.0.tgz",
      "integrity": "sha512-ByY+tjCciCr+9nLryBYcSD50EOGWt95c7tIsKTG1J2ixKKXPvF7Ej3AVd+UfDydAJom3biBGDBALaO79ktwgEQ==",
      "requires": {
        "has": "^1.0.3"
      }
    },
    "lua-types": {
      "version": "2.11.0",
      "resolved": "https://registry.npmjs.org/lua-types/-/lua-types-2.11.0.tgz",
      "integrity": "sha512-J/8qHrOjkZuPBDhnuAg0DWoaJEImqXNzgEnUigCTVrSVCcchM5Y5zpcI3aWAZPhuZlb0QKC/f3nc7VGmZmBg7w=="
    },
    "path-parse": {
      "version": "1.0.7",
      "resolved": "https://registry.npmjs.org/path-parse/-/path-parse-1.0.7.tgz",
      "integrity": "sha512-LDJzPVEEEPR+y48z93A0Ed0yXb8pAByGWo/k5YYdYgpY2/2EsOsksJrq7lOHxryrVOn1ejG6oAp8ahvOIQD8sw=="
    },
    "resolve": {
      "version": "1.20.0",
      "resolved": "https://registry.npmjs.org/resolve/-/resolve-1.20.0.tgz",
      "integrity": "sha512-wENBPt4ySzg4ybFQW2TT1zMQucPK95HSh/nq2CFTZVOGut2+pQvSsgtda4d26YrYcr067wjbmzOG8byDPBX63A==",
      "requires": {
        "is-core-module": "^2.2.0",
        "path-parse": "^1.0.6"
      }
    },
    "source-map": {
      "version": "0.7.3",
      "resolved": "https://registry.npmjs.org/source-map/-/source-map-0.7.3.tgz",
      "integrity": "sha512-CkCj6giN3S+n9qrYiBTX5gystlENnRW5jZeNLHpe6aue+SrHcG5VYwujhW9s4dY31mEGsxBDrHR6oI69fTXsaQ=="
    },
    "tapable": {
      "version": "2.2.1",
      "resolved": "https://registry.npmjs.org/tapable/-/tapable-2.2.1.tgz",
      "integrity": "sha512-GNzQvQTOIP6RyTfE2Qxb8ZVlNmw0n88vp1szwWRimP02mnTsx3Wtn5qRdqY9w2XduFNUgvOwhNnQsjwCp+kqaQ=="
    },
    "typed-factorio": {
      "version": "0.8.0",
      "resolved": "https://registry.npmjs.org/typed-factorio/-/typed-factorio-0.8.0.tgz",
      "integrity": "sha512-vuAJfkTBSQKD8mHCN7CAbwJJ73y+xfxLBPlFsYjjd015tMPv8Yrq1hBXxoUFZ1ZWGzNgcFL9RwZ6TspsIH7WJw==",
      "requires": {
        "lua-types": "^2.10.1",
        "typescript-to-lua": "^1.0.0"
      }
    },
    "typescript-to-lua": {
      "version": "1.0.1",
      "resolved": "https://registry.npmjs.org/typescript-to-lua/-/typescript-to-lua-1.0.1.tgz",
      "integrity": "sha512-j5mb+8HgUUY8hhAKoNy6KUMeamEN1fsTtMvSbPaxmVkWw40pHdLi3umsQG+Qo7wM6IK+RQffFxbIWEjleF+xpw==",
      "requires": {
        "enhanced-resolve": "^5.8.2",
        "resolve": "^1.15.1",
        "source-map": "^0.7.3",
        "typescript": "~4.3.5"
      },
      "dependencies": {
        "typescript": {
          "version": "4.3.5",
          "resolved": "https://registry.npmjs.org/typescript/-/typescript-4.3.5.tgz",
          "integrity": "sha512-DqQgihaQ9cUrskJo9kIyW/+g0Vxsk8cDtZ52a3NGh0YNTfpUSArXSohyUGnvbPazEPLu398C0UxmKSOrPumUzA=="
        }
      }
    }
  }
}
